// !$*UTF8*$!
{
	archiveVersion = 1;
	classes = {
	};
	objectVersion = 46;
	objects = {

/* Begin PBXBuildFile section */
		BDA85BCF1EF51A1D00B79973 /* AppDelegate.swift in Sources */ = {isa = PBXBuildFile; fileRef = BDA85BCE1EF51A1D00B79973 /* AppDelegate.swift */; };
		BDA85BD11EF51A1D00B79973 /* ViewController.swift in Sources */ = {isa = PBXBuildFile; fileRef = BDA85BD01EF51A1D00B79973 /* ViewController.swift */; };
		BDA85BD41EF51A1D00B79973 /* Main.storyboard in Resources */ = {isa = PBXBuildFile; fileRef = BDA85BD21EF51A1D00B79973 /* Main.storyboard */; };
		BDA85BD61EF51A1D00B79973 /* Assets.xcassets in Resources */ = {isa = PBXBuildFile; fileRef = BDA85BD51EF51A1D00B79973 /* Assets.xcassets */; };
		BDA85BD91EF51A1D00B79973 /* LaunchScreen.storyboard in Resources */ = {isa = PBXBuildFile; fileRef = BDA85BD71EF51A1D00B79973 /* LaunchScreen.storyboard */; };
		BDF919661EF96E3D00D4A76A /* BLEManager.swift in Sources */ = {isa = PBXBuildFile; fileRef = BDF919651EF96E3D00D4A76A /* BLEManager.swift */; };
/* End PBXBuildFile section */

/* Begin PBXFileReference section */
		BDA85BCB1EF51A1D00B79973 /* BluetoothConnectionTest.app */ = {isa = PBXFileReference; explicitFileType = wrapper.application; includeInIndex = 0; path = BluetoothConnectionTest.app; sourceTree = BUILT_PRODUCTS_DIR; };
		BDA85BCE1EF51A1D00B79973 /* AppDelegate.swift */ = {isa = PBXFileReference; lastKnownFileType = sourcecode.swift; path = AppDelegate.swift; sourceTree = "<group>"; };
		BDA85BD01EF51A1D00B79973 /* ViewController.swift */ = {isa = PBXFileReference; lastKnownFileType = sourcecode.swift; path = ViewController.swift; sourceTree = "<group>"; };
		BDA85BD31EF51A1D00B79973 /* Base */ = {isa = PBXFileReference; lastKnownFileType = file.storyboard; name = Base; path = Base.lproj/Main.storyboard; sourceTree = "<group>"; };
		BDA85BD51EF51A1D00B79973 /* Assets.xcassets */ = {isa = PBXFileReference; lastKnownFileType = folder.assetcatalog; path = Assets.xcassets; sourceTree = "<group>"; };
		BDA85BD81EF51A1D00B79973 /* Base */ = {isa = PBXFileReference; lastKnownFileType = file.storyboard; name = Base; path = Base.lproj/LaunchScreen.storyboard; sourceTree = "<group>"; };
		BDA85BDA1EF51A1D00B79973 /* Info.plist */ = {isa = PBXFileReference; lastKnownFileType = text.plist.xml; path = Info.plist; sourceTree = "<group>"; };
		BDF919651EF96E3D00D4A76A /* BLEManager.swift */ = {isa = PBXFileReference; fileEncoding = 4; lastKnownFileType = sourcecode.swift; path = BLEManager.swift; sourceTree = "<group>"; };
/* End PBXFileReference section */

/* Begin PBXFrameworksBuildPhase section */
		BDA85BC81EF51A1D00B79973 /* Frameworks */ = {
			isa = PBXFrameworksBuildPhase;
			buildActionMask = 2147483647;
			files = (
			);
			runOnlyForDeploymentPostprocessing = 0;
		};
/* End PBXFrameworksBuildPhase section */

/* Begin PBXGroup section */
		BDA85BC21EF51A1D00B79973 = {
			isa = PBXGroup;
			children = (
				BDA85BCD1EF51A1D00B79973 /* BluetoothConnectionTest */,
				BDA85BCC1EF51A1D00B79973 /* Products */,
			);
			sourceTree = "<group>";
		};
		BDA85BCC1EF51A1D00B79973 /* Products */ = {
			isa = PBXGroup;
			children = (
				BDA85BCB1EF51A1D00B79973 /* BluetoothConnectionTest.app */,
			);
			name = Products;
			sourceTree = "<group>";
		};
		BDA85BCD1EF51A1D00B79973 /* BluetoothConnectionTest */ = {
			isa = PBXGroup;
			children = (
				BDA85BCE1EF51A1D00B79973 /* AppDelegate.swift */,
				BDA85BD01EF51A1D00B79973 /* ViewController.swift */,
				BDF919651EF96E3D00D4A76A /* BLEManager.swift */,
				BDA85BD21EF51A1D00B79973 /* Main.storyboard */,
				BDA85BD51EF51A1D00B79973 /* Assets.xcassets */,
				BDA85BD71EF51A1D00B79973 /* LaunchScreen.storyboard */,
				BDA85BDA1EF51A1D00B79973 /* Info.plist */,
			);
			path = BluetoothConnectionTest;
			sourceTree = "<group>";
		};
/* End PBXGroup section */

/* Begin PBXNativeTarget section */
		BDA85BCA1EF51A1D00B79973 /* BluetoothConnectionTest */ = {
			isa = PBXNativeTarget;
			buildConfigurationList = BDA85BDD1EF51A1D00B79973 /* Build configuration list for PBXNativeTarget "BluetoothConnectionTest" */;
			buildPhases = (
				BDA85BC71EF51A1D00B79973 /* Sources */,
				BDA85BC81EF51A1D00B79973 /* Frameworks */,
				BDA85BC91EF51A1D00B79973 /* Resources */,
			);
			buildRules = (
			);
			dependencies = (
			);
			name = BluetoothConnectionTest;
			productName = BluetoothConnectionTest;
			productReference = BDA85BCB1EF51A1D00B79973 /* BluetoothConnectionTest.app */;
			productType = "com.apple.product-type.application";
		};
/* End PBXNativeTarget section */

/* Begin PBXProject section */
		BDA85BC31EF51A1D00B79973 /* Project object */ = {
			isa = PBXProject;
			attributes = {
				LastSwiftUpdateCheck = 0830;
				LastUpgradeCheck = 0830;
				ORGANIZATIONNAME = "Shun Uehara";
				TargetAttributes = {
					BDA85BCA1EF51A1D00B79973 = {
						CreatedOnToolsVersion = 8.3.2;
						DevelopmentTeam = S357455KLJ;
						ProvisioningStyle = Automatic;
					};
				};
			};
			buildConfigurationList = BDA85BC61EF51A1D00B79973 /* Build configuration list for PBXProject "BluetoothConnectionTest" */;
			compatibilityVersion = "Xcode 3.2";
			developmentRegion = English;
			hasScannedForEncodings = 0;
			knownRegions = (
				en,
				Base,
			);
			mainGroup = BDA85BC21EF51A1D00B79973;
			productRefGroup = BDA85BCC1EF51A1D00B79973 /* Products */;
			projectDirPath = "";
			projectRoot = "";
			targets = (
				BDA85BCA1EF51A1D00B79973 /* BluetoothConnectionTest */,
			);
		};
/* End PBXProject section */

/* Begin PBXResourcesBuildPhase section */
		BDA85BC91EF51A1D00B79973 /* Resources */ = {
			isa = PBXResourcesBuildPhase;
			buildActionMask = 2147483647;
			files = (
				BDA85BD91EF51A1D00B79973 /* LaunchScreen.storyboard in Resources */,
				BDA85BD61EF51A1D00B79973 /* Assets.xcassets in Resources */,
				BDA85BD41EF51A1D00B79973 /* Main.storyboard in Resources */,
			);
			runOnlyForDeploymentPostprocessing = 0;
		};
/* End PBXResourcesBuildPhase section */

/* Begin PBXSourcesBuildPhase section */
		BDA85BC71EF51A1D00B79973 /* Sources */ = {
			isa = PBXSourcesBuildPhase;
			buildActionMask = 2147483647;
			files = (
				BDA85BD11EF51A1D00B79973 /* ViewController.swift in Sources */,
				BDF919661EF96E3D00D4A76A /* BLEManager.swift in Sources */,
				BDA85BCF1EF51A1D00B79973 /* AppDelegate.swift in Sources */,
			);
			runOnlyForDeploymentPostprocessing = 0;
		};
/* End PBXSourcesBuildPhase section */

/* Begin PBXVariantGroup section */
		BDA85BD21EF51A1D00B79973 /* Main.storyboard */ = {
			isa = PBXVariantGroup;
			children = (
				BDA85BD31EF51A1D00B79973 /* Base */,
			);
			name = Main.storyboard;
			sourceTree = "<group>";
		};
		BDA85BD71EF51A1D00B79973 /* LaunchScreen.storyboard */ = {
			isa = PBXVariantGroup;
			children = (
				BDA85BD81EF51A1D00B79973 /* Base */,
			);
			name = LaunchScreen.storyboard;
			sourceTree = "<group>";
		};
/* End PBXVariantGroup section */

/* Begin XCBuildConfiguration section */
		BDA85BDB1EF51A1D00B79973 /* Debug */ = {
			isa = XCBuildConfiguration;
			buildSettings = {
				ALWAYS_SEARCH_USER_PATHS = NO;
				CLANG_ANALYZER_NONNULL = YES;
				CLANG_ANALYZER_NUMBER_OBJECT_CONVERSION = YES_AGGRESSIVE;
				CLANG_CXX_LANGUAGE_STANDARD = "gnu++0x";
				CLANG_CXX_LIBRARY = "libc++";
				CLANG_ENABLE_MODULES = YES;
				CLANG_ENABLE_OBJC_ARC = YES;
				CLANG_WARN_BOOL_CONVERSION = YES;
				CLANG_WARN_CONSTANT_CONVERSION = YES;
				CLANG_WARN_DIRECT_OBJC_ISA_USAGE = YES_ERROR;
				CLANG_WARN_DOCUMENTATION_COMMENTS = YES;
				CLANG_WARN_EMPTY_BODY = YES;
				CLANG_WARN_ENUM_CONVERSION = YES;
				CLANG_WARN_INFINITE_RECURSION = YES;
				CLANG_WARN_INT_CONVERSION = YES;
				CLANG_WARN_OBJC_ROOT_CLASS = YES_ERROR;
				CLANG_WARN_SUSPICIOUS_MOVE = YES;
				CLANG_WARN_UNREACHABLE_CODE = YES;
				CLANG_WARN__DUPLICATE_METHOD_MATCH = YES;
				"CODE_SIGN_IDENTITY[sdk=iphoneos*]" = "iPhone Developer";
				COPY_PHASE_STRIP = NO;
				DEBUG_INFORMATION_FORMAT = dwarf;
				ENABLE_STRICT_OBJC_MSGSEND = YES;
				ENABLE_TESTABILITY = YES;
				GCC_C_LANGUAGE_STANDARD = gnu99;
				GCC_DYNAMIC_NO_PIC = NO;
				GCC_NO_COMMON_BLOCKS = YES;
				GCC_OPTIMIZATION_LEVEL = 0;
				GCC_PREPROCESSOR_DEFINITIONS = (
					"DEBUG=1",
					"$(inherited)",
				);
				GCC_WARN_64_TO_32_BIT_CONVERSION = YES;
				GCC_WARN_ABOUT_RETURN_TYPE = YES_ERROR;
				GCC_WARN_UNDECLARED_SELECTOR = YES;
				GCC_WARN_UNINITIALIZED_AUTOS = YES_AGGRESSIVE;
				GCC_WARN_UNUSED_FUNCTION = YES;
				GCC_WARN_UNUSED_VARIABLE = YES;
				IPHONEOS_DEPLOYMENT_TARGET = 10.3;
				MTL_ENABLE_DEBUG_INFO = YES;
				ONLY_ACTIVE_ARCH = YES;
				SDKROOT = iphoneos;
				SWIFT_ACTIVE_COMPILATION_CONDITIONS = DEBUG;
				SWIFT_OPTIMIZATION_LEVEL = "-Onone";
			};
			name = Debug;
		};
		BDA85BDC1EF51A1D00B79973 /* Release */ = {
			isa = XCBuildConfiguration;
			buildSettings = {
				ALWAYS_SEARCH_USER_PATHS = NO;
				CLANG_ANALYZER_NONNULL = YES;
				CLANG_ANALYZER_NUMBER_OBJECT_CONVERSION = YES_AGGRESSIVE;
				CLANG_CXX_LANGUAGE_STANDARD = "gnu++0x";
				CLANG_CXX_LIBRARY = "libc++";
				CLANG_ENABLE_MODULES = YES;
				CLANG_ENABLE_OBJC_ARC = YES;
				CLANG_WARN_BOOL_CONVERSION = YES;
				CLANG_WARN_CONSTANT_CONVERSION = YES;
				CLANG_WARN_DIRECT_OBJC_ISA_USAGE = YES_ERROR;
				CLANG_WARN_DOCUMENTATION_COMMENTS = YES;
				CLANG_WARN_EMPTY_BODY = YES;
				CLANG_WARN_ENUM_CONVERSION = YES;
				CLANG_WARN_INFINITE_RECURSION = YES;
				CLANG_WARN_INT_CONVERSION = YES;
				CLANG_WARN_OBJC_ROOT_CLASS = YES_ERROR;
				CLANG_WARN_SUSPICIOUS_MOVE = YES;
				CLANG_WARN_UNREACHABLE_CODE = YES;
				CLANG_WARN__DUPLICATE_METHOD_MATCH = YES;
				"CODE_SIGN_IDENTITY[sdk=iphoneos*]" = "iPhone Developer";
				COPY_PHASE_STRIP = NO;
				DEBUG_INFORMATION_FORMAT = "dwarf-with-dsym";
				ENABLE_NS_ASSERTIONS = NO;
				ENABLE_STRICT_OBJC_MSGSEND = YES;
				GCC_C_LANGUAGE_STANDARD = gnu99;
				GCC_NO_COMMON_BLOCKS = YES;
				GCC_WARN_64_TO_32_BIT_CONVERSION = YES;
				GCC_WARN_ABOUT_RETURN_TYPE = YES_ERROR;
				GCC_WARN_UNDECLARED_SELECTOR = YES;
				GCC_WARN_UNINITIALIZED_AUTOS = YES_AGGRESSIVE;
				GCC_WARN_UNUSED_FUNCTION = YES;
				GCC_WARN_UNUSED_VARIABLE = YES;
				IPHONEOS_DEPLOYMENT_TARGET = 10.3;
				MTL_ENABLE_DEBUG_INFO = NO;
				SDKROOT = iphoneos;
				SWIFT_OPTIMIZATION_LEVEL = "-Owholemodule";
				VALIDATE_PRODUCT = YES;
			};
			name = Release;
		};
		BDA85BDE1EF51A1D00B79973 /* Debug */ = {
			isa = XCBuildConfiguration;
			buildSettings = {
				ASSETCATALOG_COMPILER_APPICON_NAME = AppIcon;
				DEVELOPMENT_TEAM = S357455KLJ;
				INFOPLIST_FILE = BluetoothConnectionTest/Info.plist;
				LD_RUNPATH_SEARCH_PATHS = "$(inherited) @executable_path/Frameworks";
				PRODUCT_BUNDLE_IDENTIFIER = com.Shuehara.BluetoothConnectionTest;
				PRODUCT_NAME = "$(TARGET_NAME)";
				SWIFT_VERSION = 3.0;
			};
			name = Debug;
		};
		BDA85BDF1EF51A1D00B79973 /* Release */ = {
			isa = XCBuildConfiguration;
			buildSettings = {
				ASSETCATALOG_COMPILER_APPICON_NAME = AppIcon;
				DEVELOPMENT_TEAM = S357455KLJ;
				INFOPLIST_FILE = BluetoothConnectionTest/Info.plist;
				LD_RUNPATH_SEARCH_PATHS = "$(inherited) @executable_path/Frameworks";
				PRODUCT_BUNDLE_IDENTIFIER = com.Shuehara.BluetoothConnectionTest;
				PRODUCT_NAME = "$(TARGET_NAME)";
				SWIFT_VERSION = 3.0;
			};
			name = Release;
		};
/* End XCBuildConfiguration section */

/* Begin XCConfigurationList section */
		BDA85BC61EF51A1D00B79973 /* Build configuration list for PBXProject "BluetoothConnectionTest" */ = {
			isa = XCConfigurationList;
			buildConfigurations = (
				BDA85BDB1EF51A1D00B79973 /* Debug */,
				BDA85BDC1EF51A1D00B79973 /* Release */,
			);
			defaultConfigurationIsVisible = 0;
			defaultConfigurationName = Release;
		};
		BDA85BDD1EF51A1D00B79973 /* Build configuration list for PBXNativeTarget "BluetoothConnectionTest" */ = {
			isa = XCConfigurationList;
			buildConfigurations = (
				BDA85BDE1EF51A1D00B79973 /* Debug */,
				BDA85BDF1EF51A1D00B79973 /* Release */,
			);
			defaultConfigurationIsVisible = 0;
			defaultConfigurationName = Release;
		};
/* End XCConfigurationList section */
	};
	rootObject = BDA85BC31EF51A1D00B79973 /* Project object */;
}
